
Microsoft Visual Studio Solution File, Format Version 12.00
# Visual Studio Version 17
VisualStudioVersion = 17.3.32901.215
MinimumVisualStudioVersion = 10.0.40219.1
Project("{9A19103F-16F7-4668-BE54-9A1E7A4F7556}") = "vis", "vis\vis.csproj", "{3B8926CF-72EF-48DE-8FCD-489106B0C661}"
EndProject
Project("{FAE04EC0-301F-11D3-BF4B-00C04F79EFBC}") = "DataAccess", "DataAccess\DataAccess.csproj", "{12B03E16-57C5-439C-9DFA-77DF54AE68B9}"
EndProject
Global
	GlobalSection(SolutionConfigurationPlatforms) = preSolution
		Debug|Any CPU = Debug|Any CPU
		Release|Any CPU = Release|Any CPU
	EndGlobalSection
	GlobalSection(ProjectConfigurationPlatforms) = postSolution
		{3B8926CF-72EF-48DE-8FCD-489106B0C661}.Debug|Any CPU.ActiveCfg = Debug|Any CPU
		{3B8926CF-72EF-48DE-8FCD-489106B0C661}.Debug|Any CPU.Build.0 = Debug|Any CPU
		{3B8926CF-72EF-48DE-8FCD-489106B0C661}.Release|Any CPU.ActiveCfg = Release|Any CPU
		{3B8926CF-72EF-48DE-8FCD-489106B0C661}.Release|Any CPU.Build.0 = Release|Any CPU
		{12B03E16-57C5-439C-9DFA-77DF54AE68B9}.Debug|Any CPU.ActiveCfg = Debug|Any CPU
		{12B03E16-57C5-439C-9DFA-77DF54AE68B9}.Debug|Any CPU.Build.0 = Debug|Any CPU
		{12B03E16-57C5-439C-9DFA-77DF54AE68B9}.Release|Any CPU.ActiveCfg = Release|Any CPU
		{12B03E16-57C5-439C-9DFA-77DF54AE68B9}.Release|Any CPU.Build.0 = Release|Any CPU
	EndGlobalSection
	GlobalSection(SolutionProperties) = preSolution
		HideSolutionNode = FALSE
	EndGlobalSection
	GlobalSection(ExtensibilityGlobals) = postSolution
		SolutionGuid = {4D0F4ED5-E3E3-4137-8258-FC715678E77E}
	EndGlobalSection
EndGlobal
